
Microsoft Visual Studio Solution File, Format Version 12.00
# Visual Studio Version 17
VisualStudioVersion = 17.5.33502.453
MinimumVisualStudioVersion = 10.0.40219.1
Project("{FAE04EC0-301F-11D3-BF4B-00C04F79EFBC}") = "linqTest", "linqTest.csproj", "{599A0B06-F0E8-4F5E-B32F-3648F3072EB5}"
EndProject
Global
	GlobalSection(SolutionConfigurationPlatforms) = preSolution
		Debug|Any CPU = Debug|Any CPU
		Release|Any CPU = Release|Any CPU
	EndGlobalSection
	GlobalSection(ProjectConfigurationPlatforms) = postSolution
		{599A0B06-F0E8-4F5E-B32F-3648F3072EB5}.Debug|Any CPU.ActiveCfg = Debug|Any CPU
		{599A0B06-F0E8-4F5E-B32F-3648F3072EB5}.Debug|Any CPU.Build.0 = Debug|Any CPU
		{599A0B06-F0E8-4F5E-B32F-3648F3072EB5}.Release|Any CPU.ActiveCfg = Release|Any CPU
		{599A0B06-F0E8-4F5E-B32F-3648F3072EB5}.Release|Any CPU.Build.0 = Release|Any CPU
	EndGlobalSection
	GlobalSection(SolutionProperties) = preSolution
		HideSolutionNode = FALSE
	EndGlobalSection
	GlobalSection(ExtensibilityGlobals) = postSolution
		SolutionGuid = {A09A0F32-5482-4BCD-937A-BC011F4505FB}
	EndGlobalSection
EndGlobal
